# This file is automatically @generated by Poetry 1.6.1 and should not be changed by hand.

[[package]]
name = "altgraph"
version = "0.17.3"
description = "Python graph (network) package"
optional = false
python-versions = "*"
files = [
    {file = "altgraph-0.17.3-py2.py3-none-any.whl", hash = "sha256:c8ac1ca6772207179ed8003ce7687757c04b0b71536f81e2ac5755c6226458fe"},
    {file = "altgraph-0.17.3.tar.gz", hash = "sha256:ad33358114df7c9416cdb8fa1eaa5852166c505118717021c6a8c7c7abbd03dd"},
]

[[package]]
name = "black"
version = "23.9.1"
description = "The uncompromising code formatter."
optional = false
python-versions = ">=3.8"
files = [
    {file = "black-23.9.1-cp310-cp310-macosx_10_16_arm64.whl", hash = "sha256:d6bc09188020c9ac2555a498949401ab35bb6bf76d4e0f8ee251694664df6301"},
    {file = "black-23.9.1-cp310-cp310-macosx_10_16_universal2.whl", hash = "sha256:13ef033794029b85dfea8032c9d3b92b42b526f1ff4bf13b2182ce4e917f5100"},
    {file = "black-23.9.1-cp310-cp310-macosx_10_16_x86_64.whl", hash = "sha256:75a2dc41b183d4872d3a500d2b9c9016e67ed95738a3624f4751a0cb4818fe71"},
    {file = "black-23.9.1-cp310-cp310-manylinux_2_17_x86_64.manylinux2014_x86_64.whl", hash = "sha256:13a2e4a93bb8ca74a749b6974925c27219bb3df4d42fc45e948a5d9feb5122b7"},
    {file = "black-23.9.1-cp310-cp310-win_amd64.whl", hash = "sha256:adc3e4442eef57f99b5590b245a328aad19c99552e0bdc7f0b04db6656debd80"},
    {file = "black-23.9.1-cp311-cp311-macosx_10_16_arm64.whl", hash = "sha256:8431445bf62d2a914b541da7ab3e2b4f3bc052d2ccbf157ebad18ea126efb91f"},
    {file = "black-23.9.1-cp311-cp311-macosx_10_16_universal2.whl", hash = "sha256:8fc1ddcf83f996247505db6b715294eba56ea9372e107fd54963c7553f2b6dfe"},
    {file = "black-23.9.1-cp311-cp311-macosx_10_16_x86_64.whl", hash = "sha256:7d30ec46de88091e4316b17ae58bbbfc12b2de05e069030f6b747dfc649ad186"},
    {file = "black-23.9.1-cp311-cp311-manylinux_2_17_x86_64.manylinux2014_x86_64.whl", hash = "sha256:031e8c69f3d3b09e1aa471a926a1eeb0b9071f80b17689a655f7885ac9325a6f"},
    {file = "black-23.9.1-cp311-cp311-win_amd64.whl", hash = "sha256:538efb451cd50f43aba394e9ec7ad55a37598faae3348d723b59ea8e91616300"},
    {file = "black-23.9.1-cp38-cp38-macosx_10_16_arm64.whl", hash = "sha256:638619a559280de0c2aa4d76f504891c9860bb8fa214267358f0a20f27c12948"},
    {file = "black-23.9.1-cp38-cp38-macosx_10_16_universal2.whl", hash = "sha256:a732b82747235e0542c03bf352c126052c0fbc458d8a239a94701175b17d4855"},
    {file = "black-23.9.1-cp38-cp38-macosx_10_16_x86_64.whl", hash = "sha256:cf3a4d00e4cdb6734b64bf23cd4341421e8953615cba6b3670453737a72ec204"},
    {file = "black-23.9.1-cp38-cp38-manylinux_2_17_x86_64.manylinux2014_x86_64.whl", hash = "sha256:cf99f3de8b3273a8317681d8194ea222f10e0133a24a7548c73ce44ea1679377"},
    {file = "black-23.9.1-cp38-cp38-win_amd64.whl", hash = "sha256:14f04c990259576acd093871e7e9b14918eb28f1866f91968ff5524293f9c573"},
    {file = "black-23.9.1-cp39-cp39-macosx_10_16_arm64.whl", hash = "sha256:c619f063c2d68f19b2d7270f4cf3192cb81c9ec5bc5ba02df91471d0b88c4c5c"},
    {file = "black-23.9.1-cp39-cp39-macosx_10_16_universal2.whl", hash = "sha256:6a3b50e4b93f43b34a9d3ef00d9b6728b4a722c997c99ab09102fd5efdb88325"},
    {file = "black-23.9.1-cp39-cp39-macosx_10_16_x86_64.whl", hash = "sha256:c46767e8df1b7beefb0899c4a95fb43058fa8500b6db144f4ff3ca38eb2f6393"},
    {file = "black-23.9.1-cp39-cp39-manylinux_2_17_x86_64.manylinux2014_x86_64.whl", hash = "sha256:50254ebfa56aa46a9fdd5d651f9637485068a1adf42270148cd101cdf56e0ad9"},
    {file = "black-23.9.1-cp39-cp39-win_amd64.whl", hash = "sha256:403397c033adbc45c2bd41747da1f7fc7eaa44efbee256b53842470d4ac5a70f"},
    {file = "black-23.9.1-py3-none-any.whl", hash = "sha256:6ccd59584cc834b6d127628713e4b6b968e5f79572da66284532525a042549f9"},
    {file = "black-23.9.1.tar.gz", hash = "sha256:24b6b3ff5c6d9ea08a8888f6977eae858e1f340d7260cf56d70a49823236b62d"},
]

[package.dependencies]
click = ">=8.0.0"
mypy-extensions = ">=0.4.3"
packaging = ">=22.0"
pathspec = ">=0.9.0"
platformdirs = ">=2"
tomli = {version = ">=1.1.0", markers = "python_version < \"3.11\""}
typing-extensions = {version = ">=4.0.1", markers = "python_version < \"3.11\""}

[package.extras]
colorama = ["colorama (>=0.4.3)"]
d = ["aiohttp (>=3.7.4)"]
jupyter = ["ipython (>=7.8.0)", "tokenize-rt (>=3.2.0)"]
uvloop = ["uvloop (>=0.15.2)"]

[[package]]
name = "click"
version = "8.1.7"
description = "Composable command line interface toolkit"
optional = false
python-versions = ">=3.7"
files = [
    {file = "click-8.1.7-py3-none-any.whl", hash = "sha256:ae74fb96c20a0277a1d615f1e4d73c8414f5a98db8b799a7931d1582f3390c28"},
    {file = "click-8.1.7.tar.gz", hash = "sha256:ca9853ad459e787e2192211578cc907e7594e294c7ccc834310722b41b9ca6de"},
]

[package.dependencies]
colorama = {version = "*", markers = "platform_system == \"Windows\""}

[[package]]
name = "colorama"
version = "0.4.6"
description = "Cross-platform colored terminal text."
optional = false
python-versions = "!=3.0.*,!=3.1.*,!=3.2.*,!=3.3.*,!=3.4.*,!=3.5.*,!=3.6.*,>=2.7"
files = [
    {file = "colorama-0.4.6-py2.py3-none-any.whl", hash = "sha256:4f1d9991f5acc0ca119f9d443620b77f9d6b33703e51011c16baf57afb285fc6"},
    {file = "colorama-0.4.6.tar.gz", hash = "sha256:08695f5cb7ed6e0531a20572697297273c47b8cae5a63ffc6d6ed5c201be6e44"},
]

[[package]]
name = "llvmlite"
version = "0.41.0"
description = "lightweight wrapper around basic LLVM functionality"
optional = false
python-versions = ">=3.8"
files = [
    {file = "llvmlite-0.41.0-cp310-cp310-macosx_10_9_x86_64.whl", hash = "sha256:acc81c1279f858e5eab460844cc381e30d6666bc8eea04724b54d4eeb1fd1e54"},
    {file = "llvmlite-0.41.0-cp310-cp310-macosx_11_0_arm64.whl", hash = "sha256:013000a11df84a8b5e4f7fbf2513896ca48441c527d9ae8e375da92bc5575d08"},
    {file = "llvmlite-0.41.0-cp310-cp310-manylinux_2_17_aarch64.manylinux2014_aarch64.whl", hash = "sha256:f1b5df30581eb8dbdee0e17a1217debb1d7dcd61a092a09726afff441dad5a67"},
    {file = "llvmlite-0.41.0-cp310-cp310-manylinux_2_17_x86_64.manylinux2014_x86_64.whl", hash = "sha256:fe265129ecd18957d3653cfb17df1632fa2c57fd0bac1960bc20a8c3ca961197"},
    {file = "llvmlite-0.41.0-cp310-cp310-win32.whl", hash = "sha256:6e477d23afbdddb3dde789d29a771e23bcfa1b12485156370dba9df05d529d94"},
    {file = "llvmlite-0.41.0-cp310-cp310-win_amd64.whl", hash = "sha256:93ce07a0a6d98ff2fcc34e7d2d315d8d09f6a737539e089f1a8cbe4a3a0313bf"},
    {file = "llvmlite-0.41.0-cp311-cp311-macosx_10_9_x86_64.whl", hash = "sha256:dabfb1a28d26b8c01228f59aec90a61324203dda6b1465c596d577d6380545e8"},
    {file = "llvmlite-0.41.0-cp311-cp311-macosx_11_0_arm64.whl", hash = "sha256:741bb2ab7712c4763483189f0684163fb3ac44087c617698c50654c7d7ab6a24"},
    {file = "llvmlite-0.41.0-cp311-cp311-manylinux_2_17_aarch64.manylinux2014_aarch64.whl", hash = "sha256:f7b7022f1e2f652722ddd5697987f1aeaf0c9a64f2ee324e03f6e060b28a1bbd"},
    {file = "llvmlite-0.41.0-cp311-cp311-manylinux_2_17_x86_64.manylinux2014_x86_64.whl", hash = "sha256:70feadac822f8840f2db6cbb662f1b349fe5d375d8ceb9c907f3919e005dc705"},
    {file = "llvmlite-0.41.0-cp311-cp311-win_amd64.whl", hash = "sha256:21191c6a9fb4a86d71ec72debbaf39db49590a950c8a2a4ac792c41d16b0a61a"},
    {file = "llvmlite-0.41.0-cp38-cp38-macosx_10_9_x86_64.whl", hash = "sha256:0d94e531c763340344198f2c31af6af7b665e9cd2b354e31afa5cf4abfce0a8e"},
    {file = "llvmlite-0.41.0-cp38-cp38-macosx_11_0_arm64.whl", hash = "sha256:d8997264291e822689f7d6df4716638f35ff586bef5b8be40e2ba77d6bd9405c"},
    {file = "llvmlite-0.41.0-cp38-cp38-manylinux_2_17_aarch64.manylinux2014_aarch64.whl", hash = "sha256:de31585b867e8d9bae0c15f03e8bf541afcff66ffa5f61e401a738274702bdcd"},
    {file = "llvmlite-0.41.0-cp38-cp38-manylinux_2_17_x86_64.manylinux2014_x86_64.whl", hash = "sha256:57c0a3fd031936461f9f24f4cace80a86c9ba09d8b02fa87c209607aae2463cb"},
    {file = "llvmlite-0.41.0-cp38-cp38-win32.whl", hash = "sha256:0c79cb7e88403d6c64385bf1e63797af0884caf1f4afa3c8c4bbef1920e28148"},
    {file = "llvmlite-0.41.0-cp38-cp38-win_amd64.whl", hash = "sha256:6c40e290d930b09bbebe0d05c750b8a9e20af147e8cec8d62aa42e874f46dbfa"},
    {file = "llvmlite-0.41.0-cp39-cp39-macosx_10_9_x86_64.whl", hash = "sha256:24b3f7e258ea7c07ebf9f70c772e25619de8d207192254beb7644b818a97440b"},
    {file = "llvmlite-0.41.0-cp39-cp39-macosx_11_0_arm64.whl", hash = "sha256:876cd5f53cfe51d3a5cf7952dc1a25bd6158f5795739b1f8159c3591b32ed3cb"},
    {file = "llvmlite-0.41.0-cp39-cp39-manylinux_2_17_aarch64.manylinux2014_aarch64.whl", hash = "sha256:8218d307bd89535207fea1cc1ef5498afcb6d0203153dba214058715fecdb699"},
    {file = "llvmlite-0.41.0-cp39-cp39-manylinux_2_17_x86_64.manylinux2014_x86_64.whl", hash = "sha256:27d9d11c8dcdb8a8e14e92d0be5bba60f15bdf2fc116b8d27cab40221093a1b0"},
    {file = "llvmlite-0.41.0-cp39-cp39-win32.whl", hash = "sha256:a4af8722ad6cb0dd2d5454ebc5a7bf90867df5f3fcb0787396a3261052caefda"},
    {file = "llvmlite-0.41.0-cp39-cp39-win_amd64.whl", hash = "sha256:f150e127d6bc0e74633b8ba210776b0b6fdc82af6dfebf0794318ea97634acd0"},
    {file = "llvmlite-0.41.0.tar.gz", hash = "sha256:7d41db345d76d2dfa31871178ce0d8e9fd8aa015aa1b7d4dab84b5cb393901e0"},
]

[[package]]
name = "macholib"
version = "1.16.2"
description = "Mach-O header analysis and editing"
optional = false
python-versions = "*"
files = [
    {file = "macholib-1.16.2-py2.py3-none-any.whl", hash = "sha256:44c40f2cd7d6726af8fa6fe22549178d3a4dfecc35a9cd15ea916d9c83a688e0"},
    {file = "macholib-1.16.2.tar.gz", hash = "sha256:557bbfa1bb255c20e9abafe7ed6cd8046b48d9525db2f9b77d3122a63a2a8bf8"},
]

[package.dependencies]
altgraph = ">=0.17"

[[package]]
name = "mypy"
version = "1.5.1"
description = "Optional static typing for Python"
optional = false
python-versions = ">=3.8"
files = [
    {file = "mypy-1.5.1-cp310-cp310-macosx_10_9_x86_64.whl", hash = "sha256:f33592ddf9655a4894aef22d134de7393e95fcbdc2d15c1ab65828eee5c66c70"},
    {file = "mypy-1.5.1-cp310-cp310-macosx_11_0_arm64.whl", hash = "sha256:258b22210a4a258ccd077426c7a181d789d1121aca6db73a83f79372f5569ae0"},
    {file = "mypy-1.5.1-cp310-cp310-manylinux_2_17_x86_64.manylinux2014_x86_64.whl", hash = "sha256:a9ec1f695f0c25986e6f7f8778e5ce61659063268836a38c951200c57479cc12"},
    {file = "mypy-1.5.1-cp310-cp310-musllinux_1_1_x86_64.whl", hash = "sha256:abed92d9c8f08643c7d831300b739562b0a6c9fcb028d211134fc9ab20ccad5d"},
    {file = "mypy-1.5.1-cp310-cp310-win_amd64.whl", hash = "sha256:a156e6390944c265eb56afa67c74c0636f10283429171018446b732f1a05af25"},
    {file = "mypy-1.5.1-cp311-cp311-macosx_10_9_x86_64.whl", hash = "sha256:6ac9c21bfe7bc9f7f1b6fae441746e6a106e48fc9de530dea29e8cd37a2c0cc4"},
    {file = "mypy-1.5.1-cp311-cp311-macosx_11_0_arm64.whl", hash = "sha256:51cb1323064b1099e177098cb939eab2da42fea5d818d40113957ec954fc85f4"},
    {file = "mypy-1.5.1-cp311-cp311-manylinux_2_17_x86_64.manylinux2014_x86_64.whl", hash = "sha256:596fae69f2bfcb7305808c75c00f81fe2829b6236eadda536f00610ac5ec2243"},
    {file = "mypy-1.5.1-cp311-cp311-musllinux_1_1_x86_64.whl", hash = "sha256:32cb59609b0534f0bd67faebb6e022fe534bdb0e2ecab4290d683d248be1b275"},
    {file = "mypy-1.5.1-cp311-cp311-win_amd64.whl", hash = "sha256:159aa9acb16086b79bbb0016145034a1a05360626046a929f84579ce1666b315"},
    {file = "mypy-1.5.1-cp312-cp312-macosx_10_9_x86_64.whl", hash = "sha256:f6b0e77db9ff4fda74de7df13f30016a0a663928d669c9f2c057048ba44f09bb"},
    {file = "mypy-1.5.1-cp312-cp312-macosx_11_0_arm64.whl", hash = "sha256:26f71b535dfc158a71264e6dc805a9f8d2e60b67215ca0bfa26e2e1aa4d4d373"},
    {file = "mypy-1.5.1-cp312-cp312-manylinux_2_17_x86_64.manylinux2014_x86_64.whl", hash = "sha256:2fc3a600f749b1008cc75e02b6fb3d4db8dbcca2d733030fe7a3b3502902f161"},
    {file = "mypy-1.5.1-cp312-cp312-musllinux_1_1_x86_64.whl", hash = "sha256:26fb32e4d4afa205b24bf645eddfbb36a1e17e995c5c99d6d00edb24b693406a"},
    {file = "mypy-1.5.1-cp312-cp312-win_amd64.whl", hash = "sha256:82cb6193de9bbb3844bab4c7cf80e6227d5225cc7625b068a06d005d861ad5f1"},
    {file = "mypy-1.5.1-cp38-cp38-macosx_10_9_x86_64.whl", hash = "sha256:4a465ea2ca12804d5b34bb056be3a29dc47aea5973b892d0417c6a10a40b2d65"},
    {file = "mypy-1.5.1-cp38-cp38-macosx_11_0_arm64.whl", hash = "sha256:9fece120dbb041771a63eb95e4896791386fe287fefb2837258925b8326d6160"},
    {file = "mypy-1.5.1-cp38-cp38-manylinux_2_17_x86_64.manylinux2014_x86_64.whl", hash = "sha256:d28ddc3e3dfeab553e743e532fb95b4e6afad51d4706dd22f28e1e5e664828d2"},
    {file = "mypy-1.5.1-cp38-cp38-musllinux_1_1_x86_64.whl", hash = "sha256:57b10c56016adce71fba6bc6e9fd45d8083f74361f629390c556738565af8eeb"},
    {file = "mypy-1.5.1-cp38-cp38-win_amd64.whl", hash = "sha256:ff0cedc84184115202475bbb46dd99f8dcb87fe24d5d0ddfc0fe6b8575c88d2f"},
    {file = "mypy-1.5.1-cp39-cp39-macosx_10_9_x86_64.whl", hash = "sha256:8f772942d372c8cbac575be99f9cc9d9fb3bd95c8bc2de6c01411e2c84ebca8a"},
    {file = "mypy-1.5.1-cp39-cp39-macosx_11_0_arm64.whl", hash = "sha256:5d627124700b92b6bbaa99f27cbe615c8ea7b3402960f6372ea7d65faf376c14"},
    {file = "mypy-1.5.1-cp39-cp39-manylinux_2_17_x86_64.manylinux2014_x86_64.whl", hash = "sha256:361da43c4f5a96173220eb53340ace68cda81845cd88218f8862dfb0adc8cddb"},
    {file = "mypy-1.5.1-cp39-cp39-musllinux_1_1_x86_64.whl", hash = "sha256:330857f9507c24de5c5724235e66858f8364a0693894342485e543f5b07c8693"},
    {file = "mypy-1.5.1-cp39-cp39-win_amd64.whl", hash = "sha256:c543214ffdd422623e9fedd0869166c2f16affe4ba37463975043ef7d2ea8770"},
    {file = "mypy-1.5.1-py3-none-any.whl", hash = "sha256:f757063a83970d67c444f6e01d9550a7402322af3557ce7630d3c957386fa8f5"},
    {file = "mypy-1.5.1.tar.gz", hash = "sha256:b031b9601f1060bf1281feab89697324726ba0c0bae9d7cd7ab4b690940f0b92"},
]

[package.dependencies]
mypy-extensions = ">=1.0.0"
tomli = {version = ">=1.1.0", markers = "python_version < \"3.11\""}
typing-extensions = ">=4.1.0"

[package.extras]
dmypy = ["psutil (>=4.0)"]
install-types = ["pip"]
reports = ["lxml"]

[[package]]
name = "mypy-extensions"
version = "1.0.0"
description = "Type system extensions for programs checked with the mypy type checker."
optional = false
python-versions = ">=3.5"
files = [
    {file = "mypy_extensions-1.0.0-py3-none-any.whl", hash = "sha256:4392f6c0eb8a5668a69e23d168ffa70f0be9ccfd32b5cc2d26a34ae5b844552d"},
    {file = "mypy_extensions-1.0.0.tar.gz", hash = "sha256:75dbf8955dc00442a438fc4d0666508a9a97b6bd41aa2f0ffe9d2f2725af0782"},
]

[[package]]
name = "numba"
version = "0.58.0"
description = "compiling Python code using LLVM"
optional = false
python-versions = ">=3.8"
files = [
    {file = "numba-0.58.0-cp310-cp310-macosx_10_9_x86_64.whl", hash = "sha256:2f146c11af62ad25021d93fccf48715a96d1ea76d43c1c3bc97dca561c6a2693"},
    {file = "numba-0.58.0-cp310-cp310-macosx_11_0_arm64.whl", hash = "sha256:8059ee491651885f89655f08856a107aa610e3355b373f3b7437f1da96f09703"},
    {file = "numba-0.58.0-cp310-cp310-manylinux2014_aarch64.manylinux_2_17_aarch64.whl", hash = "sha256:8bd9edd27ab29e80bcf4083f9955c4a8871075a13a370b3bef99f81e184541fa"},
    {file = "numba-0.58.0-cp310-cp310-manylinux2014_x86_64.manylinux_2_17_x86_64.whl", hash = "sha256:7ee9f5fd962e0ada0e68df67a6ff881f95b45e0ae7cb96141e913337040d490b"},
    {file = "numba-0.58.0-cp310-cp310-win_amd64.whl", hash = "sha256:398ab539257df8e980ec2f9cdfae836bb965fadc2dd30db3fcfbf3aefa542836"},
    {file = "numba-0.58.0-cp311-cp311-macosx_10_9_x86_64.whl", hash = "sha256:e61a1fa0ab7d290f0a43d8523b372f96765db6ceb6a691660c17e9ed609cb470"},
    {file = "numba-0.58.0-cp311-cp311-macosx_11_0_arm64.whl", hash = "sha256:8a9b69cc6259131791822c5eb893b03cd9372f4aae669d020500565b6d5d80bc"},
    {file = "numba-0.58.0-cp311-cp311-manylinux2014_aarch64.manylinux_2_17_aarch64.whl", hash = "sha256:e7b42b23c36cf08fcfe1a8f2acf3a0af95b41f9ee07fc81b28d7b9b5ada85d8c"},
    {file = "numba-0.58.0-cp311-cp311-manylinux2014_x86_64.manylinux_2_17_x86_64.whl", hash = "sha256:0d7a5e81e4047a23986f816b48ac46616ceb4eadbff6bbe739944d36b3bdbfe7"},
    {file = "numba-0.58.0-cp311-cp311-win_amd64.whl", hash = "sha256:0ce322178ff7006b7f50dad25b042ef64c6393f2fafafa79c0498d789b1aac27"},
    {file = "numba-0.58.0-cp38-cp38-macosx_10_9_x86_64.whl", hash = "sha256:f3934eab4eb1c07c8f067e99350b99f70b2ca77d5aa3911d365643171f771157"},
    {file = "numba-0.58.0-cp38-cp38-macosx_11_0_arm64.whl", hash = "sha256:5cee5f22f7fbb2ef445e422aeafe5d38bf71a52c8bb34d22c1e145afa4034d6b"},
    {file = "numba-0.58.0-cp38-cp38-manylinux2014_aarch64.manylinux_2_17_aarch64.whl", hash = "sha256:121bf98a2b02e0611af3bfab3995fed990db58c4bfc6c225332ccdaf37e312e7"},
    {file = "numba-0.58.0-cp38-cp38-manylinux2014_x86_64.manylinux_2_17_x86_64.whl", hash = "sha256:0734614d3e92eb01f848b8595be116f9c8ad997f8cf77672f3ba53c511f1429d"},
    {file = "numba-0.58.0-cp38-cp38-win_amd64.whl", hash = "sha256:48bcaae337ee450e38bf3796b4e1a166909c339f1757b6110e6adcf42c1e6c3e"},
    {file = "numba-0.58.0-cp39-cp39-macosx_10_9_x86_64.whl", hash = "sha256:a5f99806d5c9671dc927a8a489bc0c88e79be51e9775d6a3c68dbfdf585cd7e9"},
    {file = "numba-0.58.0-cp39-cp39-macosx_11_0_arm64.whl", hash = "sha256:9dade55ee5f1b8c5e3e0db95449fdc5b7b4244c1a7fa133bd664cbfc1027bafe"},
    {file = "numba-0.58.0-cp39-cp39-manylinux2014_aarch64.manylinux_2_17_aarch64.whl", hash = "sha256:7e182f3296dfcbafcd23b9263baeb350ad5adcacd081f1b3ec927a9fb325cca8"},
    {file = "numba-0.58.0-cp39-cp39-manylinux2014_x86_64.manylinux_2_17_x86_64.whl", hash = "sha256:f80aee7889e82ab9c4770e02b21ca4e3ca15cc8c829c173fc27b77ab0529b5cb"},
    {file = "numba-0.58.0-cp39-cp39-win_amd64.whl", hash = "sha256:477f429bb593dd3fc8d84b44f199e8e30268a7cfeb96c8464cb393d401de4f45"},
    {file = "numba-0.58.0.tar.gz", hash = "sha256:e5d5a318dc65a101ef846d7fd93f3cf2f7942494019e8342e51238b360739125"},
]

[package.dependencies]
llvmlite = "==0.41.*"
numpy = ">=1.21,<1.26"

[[package]]
name = "numpy"
version = "1.25.2"
description = "Fundamental package for array computing in Python"
optional = false
python-versions = ">=3.9"
files = [
    {file = "numpy-1.25.2-cp310-cp310-macosx_10_9_x86_64.whl", hash = "sha256:db3ccc4e37a6873045580d413fe79b68e47a681af8db2e046f1dacfa11f86eb3"},
    {file = "numpy-1.25.2-cp310-cp310-macosx_11_0_arm64.whl", hash = "sha256:90319e4f002795ccfc9050110bbbaa16c944b1c37c0baeea43c5fb881693ae1f"},
    {file = "numpy-1.25.2-cp310-cp310-manylinux_2_17_aarch64.manylinux2014_aarch64.whl", hash = "sha256:dfe4a913e29b418d096e696ddd422d8a5d13ffba4ea91f9f60440a3b759b0187"},
    {file = "numpy-1.25.2-cp310-cp310-manylinux_2_17_x86_64.manylinux2014_x86_64.whl", hash = "sha256:f08f2e037bba04e707eebf4bc934f1972a315c883a9e0ebfa8a7756eabf9e357"},
    {file = "numpy-1.25.2-cp310-cp310-musllinux_1_1_x86_64.whl", hash = "sha256:bec1e7213c7cb00d67093247f8c4db156fd03075f49876957dca4711306d39c9"},
    {file = "numpy-1.25.2-cp310-cp310-win32.whl", hash = "sha256:7dc869c0c75988e1c693d0e2d5b26034644399dd929bc049db55395b1379e044"},
    {file = "numpy-1.25.2-cp310-cp310-win_amd64.whl", hash = "sha256:834b386f2b8210dca38c71a6e0f4fd6922f7d3fcff935dbe3a570945acb1b545"},
    {file = "numpy-1.25.2-cp311-cp311-macosx_10_9_x86_64.whl", hash = "sha256:c5462d19336db4560041517dbb7759c21d181a67cb01b36ca109b2ae37d32418"},
    {file = "numpy-1.25.2-cp311-cp311-macosx_11_0_arm64.whl", hash = "sha256:c5652ea24d33585ea39eb6a6a15dac87a1206a692719ff45d53c5282e66d4a8f"},
    {file = "numpy-1.25.2-cp311-cp311-manylinux_2_17_aarch64.manylinux2014_aarch64.whl", hash = "sha256:0d60fbae8e0019865fc4784745814cff1c421df5afee233db6d88ab4f14655a2"},
    {file = "numpy-1.25.2-cp311-cp311-manylinux_2_17_x86_64.manylinux2014_x86_64.whl", hash = "sha256:60e7f0f7f6d0eee8364b9a6304c2845b9c491ac706048c7e8cf47b83123b8dbf"},
    {file = "numpy-1.25.2-cp311-cp311-musllinux_1_1_x86_64.whl", hash = "sha256:bb33d5a1cf360304754913a350edda36d5b8c5331a8237268c48f91253c3a364"},
    {file = "numpy-1.25.2-cp311-cp311-win32.whl", hash = "sha256:5883c06bb92f2e6c8181df7b39971a5fb436288db58b5a1c3967702d4278691d"},
    {file = "numpy-1.25.2-cp311-cp311-win_amd64.whl", hash = "sha256:5c97325a0ba6f9d041feb9390924614b60b99209a71a69c876f71052521d42a4"},
    {file = "numpy-1.25.2-cp39-cp39-macosx_10_9_x86_64.whl", hash = "sha256:b79e513d7aac42ae918db3ad1341a015488530d0bb2a6abcbdd10a3a829ccfd3"},
    {file = "numpy-1.25.2-cp39-cp39-macosx_11_0_arm64.whl", hash = "sha256:eb942bfb6f84df5ce05dbf4b46673ffed0d3da59f13635ea9b926af3deb76926"},
    {file = "numpy-1.25.2-cp39-cp39-manylinux_2_17_aarch64.manylinux2014_aarch64.whl", hash = "sha256:3e0746410e73384e70d286f93abf2520035250aad8c5714240b0492a7302fdca"},
    {file = "numpy-1.25.2-cp39-cp39-manylinux_2_17_x86_64.manylinux2014_x86_64.whl", hash = "sha256:d7806500e4f5bdd04095e849265e55de20d8cc4b661b038957354327f6d9b295"},
    {file = "numpy-1.25.2-cp39-cp39-musllinux_1_1_x86_64.whl", hash = "sha256:8b77775f4b7df768967a7c8b3567e309f617dd5e99aeb886fa14dc1a0791141f"},
    {file = "numpy-1.25.2-cp39-cp39-win32.whl", hash = "sha256:2792d23d62ec51e50ce4d4b7d73de8f67a2fd3ea710dcbc8563a51a03fb07b01"},
    {file = "numpy-1.25.2-cp39-cp39-win_amd64.whl", hash = "sha256:76b4115d42a7dfc5d485d358728cdd8719be33cc5ec6ec08632a5d6fca2ed380"},
    {file = "numpy-1.25.2-pp39-pypy39_pp73-macosx_10_9_x86_64.whl", hash = "sha256:1a1329e26f46230bf77b02cc19e900db9b52f398d6722ca853349a782d4cff55"},
    {file = "numpy-1.25.2-pp39-pypy39_pp73-manylinux_2_17_x86_64.manylinux2014_x86_64.whl", hash = "sha256:4c3abc71e8b6edba80a01a52e66d83c5d14433cbcd26a40c329ec7ed09f37901"},
    {file = "numpy-1.25.2-pp39-pypy39_pp73-win_amd64.whl", hash = "sha256:1b9735c27cea5d995496f46a8b1cd7b408b3f34b6d50459d9ac8fe3a20cc17bf"},
    {file = "numpy-1.25.2.tar.gz", hash = "sha256:fd608e19c8d7c55021dffd43bfe5492fab8cc105cc8986f813f8c3c048b38760"},
]

[[package]]
name = "packaging"
version = "23.1"
description = "Core utilities for Python packages"
optional = false
python-versions = ">=3.7"
files = [
    {file = "packaging-23.1-py3-none-any.whl", hash = "sha256:994793af429502c4ea2ebf6bf664629d07c1a9fe974af92966e4b8d2df7edc61"},
    {file = "packaging-23.1.tar.gz", hash = "sha256:a392980d2b6cffa644431898be54b0045151319d1e7ec34f0cfed48767dd334f"},
]

[[package]]
name = "pathspec"
version = "0.11.2"
description = "Utility library for gitignore style pattern matching of file paths."
optional = false
python-versions = ">=3.7"
files = [
    {file = "pathspec-0.11.2-py3-none-any.whl", hash = "sha256:1d6ed233af05e679efb96b1851550ea95bbb64b7c490b0f5aa52996c11e92a20"},
    {file = "pathspec-0.11.2.tar.gz", hash = "sha256:e0d8d0ac2f12da61956eb2306b69f9469b42f4deb0f3cb6ed47b9cce9996ced3"},
]

[[package]]
name = "pefile"
version = "2023.2.7"
description = "Python PE parsing module"
optional = false
python-versions = ">=3.6.0"
files = [
    {file = "pefile-2023.2.7-py3-none-any.whl", hash = "sha256:da185cd2af68c08a6cd4481f7325ed600a88f6a813bad9dea07ab3ef73d8d8d6"},
    {file = "pefile-2023.2.7.tar.gz", hash = "sha256:82e6114004b3d6911c77c3953e3838654b04511b8b66e8583db70c65998017dc"},
]

[[package]]
name = "platformdirs"
version = "3.10.0"
description = "A small Python package for determining appropriate platform-specific dirs, e.g. a \"user data dir\"."
optional = false
python-versions = ">=3.7"
files = [
    {file = "platformdirs-3.10.0-py3-none-any.whl", hash = "sha256:d7c24979f292f916dc9cbf8648319032f551ea8c49a4c9bf2fb556a02070ec1d"},
    {file = "platformdirs-3.10.0.tar.gz", hash = "sha256:b45696dab2d7cc691a3226759c0d3b00c47c8b6e293d96f6436f733303f77f6d"},
]

[package.extras]
docs = ["furo (>=2023.7.26)", "proselint (>=0.13)", "sphinx (>=7.1.1)", "sphinx-autodoc-typehints (>=1.24)"]
test = ["appdirs (==1.4.4)", "covdefaults (>=2.3)", "pytest (>=7.4)", "pytest-cov (>=4.1)", "pytest-mock (>=3.11.1)"]

[[package]]
name = "pyinstaller"
version = "5.13.2"
description = "PyInstaller bundles a Python application and all its dependencies into a single package."
optional = false
python-versions = "<3.13,>=3.7"
files = [
    {file = "pyinstaller-5.13.2-py3-none-macosx_10_13_universal2.whl", hash = "sha256:16cbd66b59a37f4ee59373a003608d15df180a0d9eb1a29ff3bfbfae64b23d0f"},
    {file = "pyinstaller-5.13.2-py3-none-manylinux2014_aarch64.whl", hash = "sha256:8f6dd0e797ae7efdd79226f78f35eb6a4981db16c13325e962a83395c0ec7420"},
    {file = "pyinstaller-5.13.2-py3-none-manylinux2014_i686.whl", hash = "sha256:65133ed89467edb2862036b35d7c5ebd381670412e1e4361215e289c786dd4e6"},
    {file = "pyinstaller-5.13.2-py3-none-manylinux2014_ppc64le.whl", hash = "sha256:7d51734423685ab2a4324ab2981d9781b203dcae42839161a9ee98bfeaabdade"},
    {file = "pyinstaller-5.13.2-py3-none-manylinux2014_s390x.whl", hash = "sha256:2c2fe9c52cb4577a3ac39626b84cf16cf30c2792f785502661286184f162ae0d"},
    {file = "pyinstaller-5.13.2-py3-none-manylinux2014_x86_64.whl", hash = "sha256:c63ef6133eefe36c4b2f4daf4cfea3d6412ece2ca218f77aaf967e52a95ac9b8"},
    {file = "pyinstaller-5.13.2-py3-none-musllinux_1_1_aarch64.whl", hash = "sha256:aadafb6f213549a5906829bb252e586e2cf72a7fbdb5731810695e6516f0ab30"},
    {file = "pyinstaller-5.13.2-py3-none-musllinux_1_1_x86_64.whl", hash = "sha256:b2e1c7f5cceb5e9800927ddd51acf9cc78fbaa9e79e822c48b0ee52d9ce3c892"},
    {file = "pyinstaller-5.13.2-py3-none-win32.whl", hash = "sha256:421cd24f26144f19b66d3868b49ed673176765f92fa9f7914cd2158d25b6d17e"},
    {file = "pyinstaller-5.13.2-py3-none-win_amd64.whl", hash = "sha256:ddcc2b36052a70052479a9e5da1af067b4496f43686ca3cdda99f8367d0627e4"},
    {file = "pyinstaller-5.13.2-py3-none-win_arm64.whl", hash = "sha256:27cd64e7cc6b74c5b1066cbf47d75f940b71356166031deb9778a2579bb874c6"},
    {file = "pyinstaller-5.13.2.tar.gz", hash = "sha256:c8e5d3489c3a7cc5f8401c2d1f48a70e588f9967e391c3b06ddac1f685f8d5d2"},
]

[package.dependencies]
altgraph = "*"
macholib = {version = ">=1.8", markers = "sys_platform == \"darwin\""}
pefile = {version = ">=2022.5.30", markers = "sys_platform == \"win32\""}
pyinstaller-hooks-contrib = ">=2021.4"
pywin32-ctypes = {version = ">=0.2.1", markers = "sys_platform == \"win32\""}
setuptools = ">=42.0.0"

[package.extras]
encryption = ["tinyaes (>=1.0.0)"]
hook-testing = ["execnet (>=1.5.0)", "psutil", "pytest (>=2.7.3)"]

[[package]]
name = "pyinstaller-hooks-contrib"
version = "2023.8"
description = "Community maintained hooks for PyInstaller"
optional = false
python-versions = ">=3.7"
files = [
    {file = "pyinstaller-hooks-contrib-2023.8.tar.gz", hash = "sha256:318ccc316fb2b8c0bbdff2456b444bf1ce0e94cb3948a0f4dd48f6fc33d41c01"},
    {file = "pyinstaller_hooks_contrib-2023.8-py2.py3-none-any.whl", hash = "sha256:d091a52fbeed71cde0359aa9ad66288521a8441cfba163d9446606c5136c72a8"},
]

[[package]]
name = "pyqt6"
version = "6.5.2"
description = "Python bindings for the Qt cross platform application toolkit"
optional = true
python-versions = ">=3.6.1"
files = [
    {file = "PyQt6-6.5.2-cp37-abi3-macosx_10_14_universal2.whl", hash = "sha256:5bad1437eb0c1ae801103b32ef04ef62ef1cce505b448525f60089ce36329b89"},
    {file = "PyQt6-6.5.2-cp37-abi3-manylinux_2_28_x86_64.whl", hash = "sha256:70468cca4537756c714a57fa1baa5beabb9b38775f52f9611f49870705672c55"},
    {file = "PyQt6-6.5.2-cp37-abi3-win_amd64.whl", hash = "sha256:ff1d12767b578f0f0e87cdb12198e7dcad9a176c40d1d1d799984181b0af93cb"},
    {file = "PyQt6-6.5.2.tar.gz", hash = "sha256:1487ee7350f9ffb66d60ab4176519252c2b371762cbe8f8340fd951f63801280"},
]

[package.dependencies]
PyQt6-Qt6 = ">=6.5.0"
PyQt6-sip = ">=13.4,<14"

[[package]]
name = "pyqt6-qt6"
version = "6.5.2"
description = "The subset of a Qt installation needed by PyQt6."
optional = true
python-versions = "*"
files = [
    {file = "PyQt6_Qt6-6.5.2-py3-none-macosx_10_14_x86_64.whl", hash = "sha256:4b37f6f93c0980469ccc570998d3e3de243028bae7389fb6330443ab215ce2f6"},
    {file = "PyQt6_Qt6-6.5.2-py3-none-macosx_11_0_arm64.whl", hash = "sha256:8dad61b4666d91882d7e1c4d619c71e7429c13e19182f8b3bebf3ecf95107d4c"},
    {file = "PyQt6_Qt6-6.5.2-py3-none-manylinux_2_28_x86_64.whl", hash = "sha256:953f3c0e99e486081a6d438b32fbc240da97457226562eb68cf1b11c516386fd"},
    {file = "PyQt6_Qt6-6.5.2-py3-none-win_amd64.whl", hash = "sha256:5a3c7bb899678bf801136b31cd589ed4d0d54ab32be5fb76c2bdeb161a9662ad"},
]

[[package]]
name = "pyqt6-sip"
version = "13.5.2"
description = "The sip module support for PyQt6"
optional = true
python-versions = ">=3.7"
files = [
    {file = "PyQt6_sip-13.5.2-cp310-cp310-macosx_10_9_universal2.whl", hash = "sha256:c0b4e55c4d0dc44728da90eb1451dfff0d05260b4a3496ff0014494e6c1865a6"},
    {file = "PyQt6_sip-13.5.2-cp310-cp310-manylinux_2_5_x86_64.manylinux1_x86_64.whl", hash = "sha256:9ad5b8c4c92d62e00ebf254a4c9656668b130f2a1d2792034e0d82b2d6571509"},
    {file = "PyQt6_sip-13.5.2-cp310-cp310-win_amd64.whl", hash = "sha256:5d0fd42da765198b51d7fe12c29721cbe3e14b77ca4f68aa43618149ee7dbeff"},
    {file = "PyQt6_sip-13.5.2-cp311-cp311-macosx_10_9_universal2.whl", hash = "sha256:4b5b0c4b557e0293eba008021342459a0f91c69a7a2eb5231276d495d1d2960a"},
    {file = "PyQt6_sip-13.5.2-cp311-cp311-manylinux_2_5_x86_64.manylinux1_x86_64.whl", hash = "sha256:831f5d606fc5296a80303ab30892c3308954c5766039bf7a96267488bb2524a5"},
    {file = "PyQt6_sip-13.5.2-cp311-cp311-win_amd64.whl", hash = "sha256:91812f0094443b816a74a89954d60bb50060807f54d7c016a4de7bd29454091e"},
    {file = "PyQt6_sip-13.5.2-cp37-cp37m-macosx_10_9_x86_64.whl", hash = "sha256:94afb031db89159aa330891eba2c937b0378b4b264570998848c7a78eddf7c94"},
    {file = "PyQt6_sip-13.5.2-cp37-cp37m-manylinux_2_5_x86_64.manylinux1_x86_64.whl", hash = "sha256:ace942b78378bff8ae2d6bafccc84465f1ff0cf30720b8321e0bd6c95c36ede6"},
    {file = "PyQt6_sip-13.5.2-cp37-cp37m-win_amd64.whl", hash = "sha256:318d4d1c7ef60f69c68227cef78fc439accc9028ec6149200eea3d34c433d373"},
    {file = "PyQt6_sip-13.5.2-cp38-cp38-macosx_10_9_x86_64.whl", hash = "sha256:87d758ba999baa16459f0a3c7f7ed47a5b45e8991ad691f17345bf3c493a4281"},
    {file = "PyQt6_sip-13.5.2-cp38-cp38-manylinux_2_5_x86_64.manylinux1_x86_64.whl", hash = "sha256:5b499eff7150d9f31fe835a73cc41f076bba2fcde0f5b0325b1284797f17c0ac"},
    {file = "PyQt6_sip-13.5.2-cp38-cp38-win_amd64.whl", hash = "sha256:1bdb1f7b5b2f6ac31d517a6f3a13c38055640ac0014f67a2e5422d2083ce69ec"},
    {file = "PyQt6_sip-13.5.2-cp39-cp39-macosx_10_9_universal2.whl", hash = "sha256:9c9dac067710015895f523f5a2a4d59cbef8624a152b6f9a426e5b848d8c6d29"},
    {file = "PyQt6_sip-13.5.2-cp39-cp39-manylinux_2_5_x86_64.manylinux1_x86_64.whl", hash = "sha256:dcf602c233ee7600e810927adcb9e518d61bc796a6b2013c17feedd24c4e5413"},
    {file = "PyQt6_sip-13.5.2-cp39-cp39-win_amd64.whl", hash = "sha256:b54b0d8d21c5835af8f6d6d8a323a23106e67b7cd4c31e23c35bb4c321000de8"},
    {file = "PyQt6_sip-13.5.2.tar.gz", hash = "sha256:ebf6264b6feda01ba37d3b60a4bb87493bdb87be70f7b2a5384a7acd4902d88d"},
]

[[package]]
name = "pyqtgraph"
version = "0.13.3"
description = "Scientific Graphics and GUI Library for Python"
optional = true
python-versions = ">=3.8"
files = [
    {file = "pyqtgraph-0.13.3-py3-none-any.whl", hash = "sha256:fdcc04ac4b32a7bedf1bf3cf74cbb93ab3ba5687791712bbfa8d0712377d2f2b"},
    {file = "pyqtgraph-0.13.3.tar.gz", hash = "sha256:58108d8411c7054e0841d8b791ee85e101fc296b9b359c0e01dde38a98ff2ace"},
]

[package.dependencies]
numpy = ">=1.20.0"

[[package]]
name = "pywin32-ctypes"
version = "0.2.2"
description = "A (partial) reimplementation of pywin32 using ctypes/cffi"
optional = false
python-versions = ">=3.6"
files = [
    {file = "pywin32-ctypes-0.2.2.tar.gz", hash = "sha256:3426e063bdd5fd4df74a14fa3cf80a0b42845a87e1d1e81f6549f9daec593a60"},
    {file = "pywin32_ctypes-0.2.2-py3-none-any.whl", hash = "sha256:bf490a1a709baf35d688fe0ecf980ed4de11d2b3e37b51e5442587a75d9957e7"},
]

[[package]]
name = "ruff"
version = "0.0.290"
description = "An extremely fast Python linter, written in Rust."
optional = false
python-versions = ">=3.7"
files = [
    {file = "ruff-0.0.290-py3-none-macosx_10_7_x86_64.whl", hash = "sha256:0e2b09ac4213b11a3520221083866a5816616f3ae9da123037b8ab275066fbac"},
    {file = "ruff-0.0.290-py3-none-macosx_10_9_x86_64.macosx_11_0_arm64.macosx_10_9_universal2.whl", hash = "sha256:4ca6285aa77b3d966be32c9a3cd531655b3d4a0171e1f9bf26d66d0372186767"},
    {file = "ruff-0.0.290-py3-none-manylinux_2_17_aarch64.manylinux2014_aarch64.whl", hash = "sha256:35e3550d1d9f2157b0fcc77670f7bb59154f223bff281766e61bdd1dd854e0c5"},
    {file = "ruff-0.0.290-py3-none-manylinux_2_17_armv7l.manylinux2014_armv7l.whl", hash = "sha256:d748c8bd97874f5751aed73e8dde379ce32d16338123d07c18b25c9a2796574a"},
    {file = "ruff-0.0.290-py3-none-manylinux_2_17_i686.manylinux2014_i686.whl", hash = "sha256:982af5ec67cecd099e2ef5e238650407fb40d56304910102d054c109f390bf3c"},
    {file = "ruff-0.0.290-py3-none-manylinux_2_17_ppc64.manylinux2014_ppc64.whl", hash = "sha256:bbd37352cea4ee007c48a44c9bc45a21f7ba70a57edfe46842e346651e2b995a"},
    {file = "ruff-0.0.290-py3-none-manylinux_2_17_ppc64le.manylinux2014_ppc64le.whl", hash = "sha256:1d9be6351b7889462912e0b8185a260c0219c35dfd920fb490c7f256f1d8313e"},
    {file = "ruff-0.0.290-py3-none-manylinux_2_17_s390x.manylinux2014_s390x.whl", hash = "sha256:75cdc7fe32dcf33b7cec306707552dda54632ac29402775b9e212a3c16aad5e6"},
    {file = "ruff-0.0.290-py3-none-manylinux_2_17_x86_64.manylinux2014_x86_64.whl", hash = "sha256:eb07f37f7aecdbbc91d759c0c09870ce0fb3eed4025eebedf9c4b98c69abd527"},
    {file = "ruff-0.0.290-py3-none-musllinux_1_2_aarch64.whl", hash = "sha256:2ab41bc0ba359d3f715fc7b705bdeef19c0461351306b70a4e247f836b9350ed"},
    {file = "ruff-0.0.290-py3-none-musllinux_1_2_armv7l.whl", hash = "sha256:150bf8050214cea5b990945b66433bf9a5e0cef395c9bc0f50569e7de7540c86"},
    {file = "ruff-0.0.290-py3-none-musllinux_1_2_i686.whl", hash = "sha256:75386ebc15fe5467248c039f5bf6a0cfe7bfc619ffbb8cd62406cd8811815fca"},
    {file = "ruff-0.0.290-py3-none-musllinux_1_2_x86_64.whl", hash = "sha256:ac93eadf07bc4ab4c48d8bb4e427bf0f58f3a9c578862eb85d99d704669f5da0"},
    {file = "ruff-0.0.290-py3-none-win32.whl", hash = "sha256:461fbd1fb9ca806d4e3d5c745a30e185f7cf3ca77293cdc17abb2f2a990ad3f7"},
    {file = "ruff-0.0.290-py3-none-win_amd64.whl", hash = "sha256:f1f49f5ec967fd5778813780b12a5650ab0ebcb9ddcca28d642c689b36920796"},
    {file = "ruff-0.0.290-py3-none-win_arm64.whl", hash = "sha256:ae5a92dfbdf1f0c689433c223f8dac0782c2b2584bd502dfdbc76475669f1ba1"},
    {file = "ruff-0.0.290.tar.gz", hash = "sha256:949fecbc5467bb11b8db810a7fa53c7e02633856ee6bd1302b2f43adcd71b88d"},
]

[[package]]
name = "setuptools"
version = "68.2.2"
description = "Easily download, build, install, upgrade, and uninstall Python packages"
optional = false
python-versions = ">=3.8"
files = [
    {file = "setuptools-68.2.2-py3-none-any.whl", hash = "sha256:b454a35605876da60632df1a60f736524eb73cc47bbc9f3f1ef1b644de74fd2a"},
    {file = "setuptools-68.2.2.tar.gz", hash = "sha256:4ac1475276d2f1c48684874089fefcd83bd7162ddaafb81fac866ba0db282a87"},
]

[package.extras]
docs = ["furo", "jaraco.packaging (>=9.3)", "jaraco.tidelift (>=1.4)", "pygments-github-lexers (==0.0.5)", "rst.linker (>=1.9)", "sphinx (>=3.5)", "sphinx-favicon", "sphinx-hoverxref (<2)", "sphinx-inline-tabs", "sphinx-lint", "sphinx-notfound-page (>=1,<2)", "sphinx-reredirects", "sphinxcontrib-towncrier"]
testing = ["build[virtualenv]", "filelock (>=3.4.0)", "flake8-2020", "ini2toml[lite] (>=0.9)", "jaraco.develop (>=7.21)", "jaraco.envs (>=2.2)", "jaraco.path (>=3.2.0)", "pip (>=19.1)", "pytest (>=6)", "pytest-black (>=0.3.7)", "pytest-checkdocs (>=2.4)", "pytest-cov", "pytest-enabler (>=2.2)", "pytest-mypy (>=0.9.1)", "pytest-perf", "pytest-ruff", "pytest-timeout", "pytest-xdist", "tomli-w (>=1.0.0)", "virtualenv (>=13.0.0)", "wheel"]
testing-integration = ["build[virtualenv] (>=1.0.3)", "filelock (>=3.4.0)", "jaraco.envs (>=2.2)", "jaraco.path (>=3.2.0)", "packaging (>=23.1)", "pytest", "pytest-enabler", "pytest-xdist", "tomli", "virtualenv (>=13.0.0)", "wheel"]

[[package]]
name = "sourcery"
version = "1.10.0"
description = "Magically refactor Python"
optional = false
python-versions = "*"
files = [
    {file = "sourcery-1.10.0-py2.py3-none-macosx_10_9_universal2.whl", hash = "sha256:362c9c03f7b2d154bb6f6196868c45417a66bf2a43f81c7ab480b4854abe1ab9"},
    {file = "sourcery-1.10.0-py2.py3-none-manylinux1_x86_64.whl", hash = "sha256:0c7c612681413c340139250eb6a7328d61866cc630d54a3033b2ccaa0637e242"},
    {file = "sourcery-1.10.0-py2.py3-none-win_amd64.whl", hash = "sha256:5398cf05fe2c0e3f76f3daed2b737c6cff83d0deace2d8494cebd9e849dab7dc"},
]

[[package]]
name = "tomli"
version = "2.0.1"
description = "A lil' TOML parser"
optional = false
python-versions = ">=3.7"
files = [
    {file = "tomli-2.0.1-py3-none-any.whl", hash = "sha256:939de3e7a6161af0c887ef91b7d41a53e7c5a1ca976325f429cb46ea9bc30ecc"},
    {file = "tomli-2.0.1.tar.gz", hash = "sha256:de526c12914f0c550d15924c62d72abc48d6fe7364aa87328337a31007fe8a4f"},
]

[[package]]
name = "typing-extensions"
version = "4.8.0"
description = "Backported and Experimental Type Hints for Python 3.8+"
optional = false
python-versions = ">=3.8"
files = [
    {file = "typing_extensions-4.8.0-py3-none-any.whl", hash = "sha256:8f92fc8806f9a6b641eaa5318da32b44d401efaac0f6678c9bc448ba3605faa0"},
    {file = "typing_extensions-4.8.0.tar.gz", hash = "sha256:df8e4339e9cb77357558cbdbceca33c303714cf861d1eef15e1070055ae8b7ef"},
]

[[package]]
name = "validateddescriptor"
version = "2.0.3"
description = "Class used as an alternative to setter methods that validate inputs."
optional = false
python-versions = "^3.9"
files = []
develop = false

[package.source]
type = "git"
url = "https://github.com/Moussa-Mikhail/validated-descriptor.git"
reference = "main"
resolved_reference = "574aa1e8ba468be3d3c744eb8f36e0bb7e9a9624"

[extras]
gui = ["pyqt6", "pyqtgraph", "tomli"]

[metadata]
lock-version = "2.0"
python-versions = ">=3.10,<3.11"
content-hash = "72937d218ef23e8449663e7205cc0350c36d859ca73d228514ecb75f02518665"
